
Microsoft Visual Studio Solution File, Format Version 12.00
# Visual Studio Version 17
VisualStudioVersion = 17.8.34004.107
MinimumVisualStudioVersion = 10.0.40219.1
Project("{FAE04EC0-301F-11D3-BF4B-00C04F79EFBC}") = "Employee_Payroll", "Employee_Payroll\Employee_Payroll.csproj", "{49074226-B004-478D-811B-4325C4756BE6}"
EndProject
Global
	GlobalSection(SolutionConfigurationPlatforms) = preSolution
		Debug|Any CPU = Debug|Any CPU
		Release|Any CPU = Release|Any CPU
	EndGlobalSection
	GlobalSection(ProjectConfigurationPlatforms) = postSolution
		{49074226-B004-478D-811B-4325C4756BE6}.Debug|Any CPU.ActiveCfg = Debug|Any CPU
		{49074226-B004-478D-811B-4325C4756BE6}.Debug|Any CPU.Build.0 = Debug|Any CPU
		{49074226-B004-478D-811B-4325C4756BE6}.Release|Any CPU.ActiveCfg = Release|Any CPU
		{49074226-B004-478D-811B-4325C4756BE6}.Release|Any CPU.Build.0 = Release|Any CPU
	EndGlobalSection
	GlobalSection(SolutionProperties) = preSolution
		HideSolutionNode = FALSE
	EndGlobalSection
	GlobalSection(ExtensibilityGlobals) = postSolution
		SolutionGuid = {475B0FB2-4627-4029-ADB0-0E06E3EC50AA}
	EndGlobalSection
EndGlobal
